
Microsoft Visual Studio Solution File, Format Version 12.00
# Visual Studio Version 16
VisualStudioVersion = 16.0.31424.327
MinimumVisualStudioVersion = 10.0.40219.1
Project("{FAE04EC0-301F-11D3-BF4B-00C04F79EFBC}") = "osu map parser", "osu map parser\osu map parser.csproj", "{87602198-28C6-4D68-8589-59F1F946A6EB}"
EndProject
Global
	GlobalSection(SolutionConfigurationPlatforms) = preSolution
		Debug|Any CPU = Debug|Any CPU
		Release|Any CPU = Release|Any CPU
	EndGlobalSection
	GlobalSection(ProjectConfigurationPlatforms) = postSolution
		{87602198-28C6-4D68-8589-59F1F946A6EB}.Debug|Any CPU.ActiveCfg = Debug|Any CPU
		{87602198-28C6-4D68-8589-59F1F946A6EB}.Debug|Any CPU.Build.0 = Debug|Any CPU
		{87602198-28C6-4D68-8589-59F1F946A6EB}.Release|Any CPU.ActiveCfg = Release|Any CPU
		{87602198-28C6-4D68-8589-59F1F946A6EB}.Release|Any CPU.Build.0 = Release|Any CPU
	EndGlobalSection
	GlobalSection(SolutionProperties) = preSolution
		HideSolutionNode = FALSE
	EndGlobalSection
	GlobalSection(ExtensibilityGlobals) = postSolution
		SolutionGuid = {1E9207FF-5EDC-42C3-AB02-EBF552E516E7}
	EndGlobalSection
EndGlobal
